
Microsoft Visual Studio Solution File, Format Version 12.00
# Visual Studio Version 17
VisualStudioVersion = 17.14.36301.6 d17.14
MinimumVisualStudioVersion = 10.0.40219.1
Project("{FAE04EC0-301F-11D3-BF4B-00C04F79EFBC}") = "MauiApp3", "MauiApp3.csproj", "{C6EA4E31-D04B-41F3-8794-DBE111B88586}"
EndProject
Global
	GlobalSection(SolutionConfigurationPlatforms) = preSolution
		Debug|Any CPU = Debug|Any CPU
		Release|Any CPU = Release|Any CPU
	EndGlobalSection
	GlobalSection(ProjectConfigurationPlatforms) = postSolution
		{C6EA4E31-D04B-41F3-8794-DBE111B88586}.Debug|Any CPU.ActiveCfg = Debug|Any CPU
		{C6EA4E31-D04B-41F3-8794-DBE111B88586}.Debug|Any CPU.Build.0 = Debug|Any CPU
		{C6EA4E31-D04B-41F3-8794-DBE111B88586}.Debug|Any CPU.Deploy.0 = Debug|Any CPU
		{C6EA4E31-D04B-41F3-8794-DBE111B88586}.Release|Any CPU.ActiveCfg = Release|Any CPU
		{C6EA4E31-D04B-41F3-8794-DBE111B88586}.Release|Any CPU.Build.0 = Release|Any CPU
		{C6EA4E31-D04B-41F3-8794-DBE111B88586}.Release|Any CPU.Deploy.0 = Release|Any CPU
	EndGlobalSection
	GlobalSection(SolutionProperties) = preSolution
		HideSolutionNode = FALSE
	EndGlobalSection
	GlobalSection(ExtensibilityGlobals) = postSolution
		SolutionGuid = {F170C837-BC41-4F66-BF67-F7FBE2A5F1E4}
	EndGlobalSection
EndGlobal
